// !$*UTF8*$!
{
	archiveVersion = 1;
	classes = {
	};
	objectVersion = 54;
	objects = {

/* Begin PBXBuildFile section */
		00E356F31AD99517003FC87E /* TimeverseTests.m in Sources */ = {isa = PBXBuildFile; fileRef = 00E356F21AD99517003FC87E /* TimeverseTests.m */; };
		0C80B921A6F3F58F76C31292 /* libPods-Timeverse.a in Frameworks */ = {isa = PBXBuildFile; fileRef = 5DCACB8F33CDC322A6C60F78 /* libPods-Timeverse.a */; };
		13B07FBC1A68108700A75B9A /* AppDelegate.mm in Sources */ = {isa = PBXBuildFile; fileRef = 13B07FB01A68108700A75B9A /* AppDelegate.mm */; };
		13B07FBF1A68108700A75B9A /* Images.xcassets in Resources */ = {isa = PBXBuildFile; fileRef = 13B07FB51A68108700A75B9A /* Images.xcassets */; };
		13B07FC11A68108700A75B9A /* main.m in Sources */ = {isa = PBXBuildFile; fileRef = 13B07FB71A68108700A75B9A /* main.m */; };
		7699B88040F8A987B510C191 /* libPods-Timeverse-TimeverseTests.a in Frameworks */ = {isa = PBXBuildFile; fileRef = 19F6CBCC0A4E27FBF8BF4A61 /* libPods-Timeverse-TimeverseTests.a */; };
		81AB9BB82411601600AC10FF /* LaunchScreen.storyboard in Resources */ = {isa = PBXBuildFile; fileRef = 81AB9BB72411601600AC10FF /* LaunchScreen.storyboard */; };
		23D79D3B498D4C708CB5E41F /* ClashGrotesk-Variable.ttf in Resources */ = {isa = PBXBuildFile; fileRef = 76A9B78665EE453D8B68B4CC /* ClashGrotesk-Variable.ttf */; };
		3B9D65553B294D97970898AA /* Supreme-Variable.ttf in Resources */ = {isa = PBXBuildFile; fileRef = D34EEB431BAD4133A7D4967E /* Supreme-Variable.ttf */; };
		01F3FB0099E94414B42BE931 /* Supreme-VariableItalic.ttf in Resources */ = {isa = PBXBuildFile; fileRef = 45C0620F271D47019AA6A1FD /* Supreme-VariableItalic.ttf */; };
		C5EBD20C4FEA4CCBB830D95A /* ClashGrotesk-Bold.otf in Resources */ = {isa = PBXBuildFile; fileRef = A301A812F81641CA8A31839C /* ClashGrotesk-Bold.otf */; };
		E7A76FF63A6547CEB652ACF4 /* ClashGrotesk-Extralight.otf in Resources */ = {isa = PBXBuildFile; fileRef = D4DB5D39D07548C7A4FF3090 /* ClashGrotesk-Extralight.otf */; };
		FD6874A28196493BA6260400 /* ClashGrotesk-Light.otf in Resources */ = {isa = PBXBuildFile; fileRef = C16D2FABF6E440E4918E9656 /* ClashGrotesk-Light.otf */; };
		191264EA5BA1494581354E76 /* ClashGrotesk-Medium.otf in Resources */ = {isa = PBXBuildFile; fileRef = A688A637C31C42C988BFB113 /* ClashGrotesk-Medium.otf */; };
		6EC6E517E75643A29656FE12 /* ClashGrotesk-Regular.otf in Resources */ = {isa = PBXBuildFile; fileRef = 64CBD67346104A259944A6C8 /* ClashGrotesk-Regular.otf */; };
		67AF5EB7B5744FF6B7CC0785 /* ClashGrotesk-Semibold.otf in Resources */ = {isa = PBXBuildFile; fileRef = 90FA4BFFB6FD4BDE9B1052BB /* ClashGrotesk-Semibold.otf */; };
		2B54BACB643A421C842DDC42 /* Supreme-Bold.otf in Resources */ = {isa = PBXBuildFile; fileRef = F90130991D50448DBA2BD805 /* Supreme-Bold.otf */; };
		F7100CAE63B745879C47FF3D /* Supreme-BoldItalic.otf in Resources */ = {isa = PBXBuildFile; fileRef = 5E40135F87814031922104E1 /* Supreme-BoldItalic.otf */; };
		3C1F97BBCCD242A495D74512 /* Supreme-Extrabold.otf in Resources */ = {isa = PBXBuildFile; fileRef = 3A5877D8D1324BCAAF7D28EA /* Supreme-Extrabold.otf */; };
		3871EEB6ECAB47859A4E29B0 /* Supreme-ExtraboldItalic.otf in Resources */ = {isa = PBXBuildFile; fileRef = 59CE5469171948C39E853806 /* Supreme-ExtraboldItalic.otf */; };
		8E53DEE2753C44FA982DDCD9 /* Supreme-Extralight.otf in Resources */ = {isa = PBXBuildFile; fileRef = F6C00DE6161642A9A6A2E4F2 /* Supreme-Extralight.otf */; };
		D52485B85C7044F2A9131AA5 /* Supreme-ExtralightItalic.otf in Resources */ = {isa = PBXBuildFile; fileRef = A336D76055BD4A0F9ABFDD28 /* Supreme-ExtralightItalic.otf */; };
		97E45EAB90F44B60867BD408 /* Supreme-Italic.otf in Resources */ = {isa = PBXBuildFile; fileRef = 3677D6A7DCF344EB8F58C5F6 /* Supreme-Italic.otf */; };
		8BA404EF0FBA4473BE5A7AED /* Supreme-Light.otf in Resources */ = {isa = PBXBuildFile; fileRef = F9BA301627E0488EA86F3AC3 /* Supreme-Light.otf */; };
		422B1F2BE9E446FA99AD542C /* Supreme-LightItalic.otf in Resources */ = {isa = PBXBuildFile; fileRef = DFD60F02C5CA4BCFA5CD9EE1 /* Supreme-LightItalic.otf */; };
		0DE75392FF974D08A3170992 /* Supreme-Medium.otf in Resources */ = {isa = PBXBuildFile; fileRef = A17BB0769C7F4B58970DF39D /* Supreme-Medium.otf */; };
		F545CB70922D416985D2102B /* Supreme-MediumItalic.otf in Resources */ = {isa = PBXBuildFile; fileRef = FB2DBD978CB74D66BC828124 /* Supreme-MediumItalic.otf */; };
		B53CF9E158B345BDA2AEEF89 /* Supreme-Regular.otf in Resources */ = {isa = PBXBuildFile; fileRef = B87E4A4F58D84760ABDE2934 /* Supreme-Regular.otf */; };
		EC168A8B2C2C41F586BE3BF4 /* Supreme-Thin.otf in Resources */ = {isa = PBXBuildFile; fileRef = 33ED2206C5694609AC32541A /* Supreme-Thin.otf */; };
		6E8FE67E98094CB0BFFBFD95 /* Supreme-ThinItalic.otf in Resources */ = {isa = PBXBuildFile; fileRef = 09E27090C52E4AA29FFB65A7 /* Supreme-ThinItalic.otf */; };
/* End PBXBuildFile section */

/* Begin PBXContainerItemProxy section */
		00E356F41AD99517003FC87E /* PBXContainerItemProxy */ = {
			isa = PBXContainerItemProxy;
			containerPortal = 83CBB9F71A601CBA00E9B192 /* Project object */;
			proxyType = 1;
			remoteGlobalIDString = 13B07F861A680F5B00A75B9A;
			remoteInfo = Timeverse;
		};
/* End PBXContainerItemProxy section */

/* Begin PBXFileReference section */
		00E356EE1AD99517003FC87E /* TimeverseTests.xctest */ = {isa = PBXFileReference; explicitFileType = wrapper.cfbundle; includeInIndex = 0; path = TimeverseTests.xctest; sourceTree = BUILT_PRODUCTS_DIR; };
		00E356F11AD99517003FC87E /* Info.plist */ = {isa = PBXFileReference; lastKnownFileType = text.plist.xml; path = Info.plist; sourceTree = "<group>"; };
		00E356F21AD99517003FC87E /* TimeverseTests.m */ = {isa = PBXFileReference; lastKnownFileType = sourcecode.c.objc; path = TimeverseTests.m; sourceTree = "<group>"; };
		13B07F961A680F5B00A75B9A /* Timeverse.app */ = {isa = PBXFileReference; explicitFileType = wrapper.application; includeInIndex = 0; path = Timeverse.app; sourceTree = BUILT_PRODUCTS_DIR; };
		13B07FAF1A68108700A75B9A /* AppDelegate.h */ = {isa = PBXFileReference; fileEncoding = 4; lastKnownFileType = sourcecode.c.h; name = AppDelegate.h; path = Timeverse/AppDelegate.h; sourceTree = "<group>"; };
		13B07FB01A68108700A75B9A /* AppDelegate.mm */ = {isa = PBXFileReference; fileEncoding = 4; lastKnownFileType = sourcecode.cpp.objcpp; name = AppDelegate.mm; path = Timeverse/AppDelegate.mm; sourceTree = "<group>"; };
		13B07FB51A68108700A75B9A /* Images.xcassets */ = {isa = PBXFileReference; lastKnownFileType = folder.assetcatalog; name = Images.xcassets; path = Timeverse/Images.xcassets; sourceTree = "<group>"; };
		13B07FB61A68108700A75B9A /* Info.plist */ = {isa = PBXFileReference; fileEncoding = 4; lastKnownFileType = text.plist.xml; name = Info.plist; path = Timeverse/Info.plist; sourceTree = "<group>"; };
		13B07FB71A68108700A75B9A /* main.m */ = {isa = PBXFileReference; fileEncoding = 4; lastKnownFileType = sourcecode.c.objc; name = main.m; path = Timeverse/main.m; sourceTree = "<group>"; };
		13B07FB81A68108700A75B9A /* PrivacyInfo.xcprivacy */ = {isa = PBXFileReference; fileEncoding = 4; lastKnownFileType = text.plist.xml; name = PrivacyInfo.xcprivacy; path = Timeverse/PrivacyInfo.xcprivacy; sourceTree = "<group>"; };
		19F6CBCC0A4E27FBF8BF4A61 /* libPods-Timeverse-TimeverseTests.a */ = {isa = PBXFileReference; explicitFileType = archive.ar; includeInIndex = 0; path = "libPods-Timeverse-TimeverseTests.a"; sourceTree = BUILT_PRODUCTS_DIR; };
		3B4392A12AC88292D35C810B /* Pods-Timeverse.debug.xcconfig */ = {isa = PBXFileReference; includeInIndex = 1; lastKnownFileType = text.xcconfig; name = "Pods-Timeverse.debug.xcconfig"; path = "Target Support Files/Pods-Timeverse/Pods-Timeverse.debug.xcconfig"; sourceTree = "<group>"; };
		5709B34CF0A7D63546082F79 /* Pods-Timeverse.release.xcconfig */ = {isa = PBXFileReference; includeInIndex = 1; lastKnownFileType = text.xcconfig; name = "Pods-Timeverse.release.xcconfig"; path = "Target Support Files/Pods-Timeverse/Pods-Timeverse.release.xcconfig"; sourceTree = "<group>"; };
		5B7EB9410499542E8C5724F5 /* Pods-Timeverse-TimeverseTests.debug.xcconfig */ = {isa = PBXFileReference; includeInIndex = 1; lastKnownFileType = text.xcconfig; name = "Pods-Timeverse-TimeverseTests.debug.xcconfig"; path = "Target Support Files/Pods-Timeverse-TimeverseTests/Pods-Timeverse-TimeverseTests.debug.xcconfig"; sourceTree = "<group>"; };
		5DCACB8F33CDC322A6C60F78 /* libPods-Timeverse.a */ = {isa = PBXFileReference; explicitFileType = archive.ar; includeInIndex = 0; path = "libPods-Timeverse.a"; sourceTree = BUILT_PRODUCTS_DIR; };
		81AB9BB72411601600AC10FF /* LaunchScreen.storyboard */ = {isa = PBXFileReference; fileEncoding = 4; lastKnownFileType = file.storyboard; name = LaunchScreen.storyboard; path = Timeverse/LaunchScreen.storyboard; sourceTree = "<group>"; };
		89C6BE57DB24E9ADA2F236DE /* Pods-Timeverse-TimeverseTests.release.xcconfig */ = {isa = PBXFileReference; includeInIndex = 1; lastKnownFileType = text.xcconfig; name = "Pods-Timeverse-TimeverseTests.release.xcconfig"; path = "Target Support Files/Pods-Timeverse-TimeverseTests/Pods-Timeverse-TimeverseTests.release.xcconfig"; sourceTree = "<group>"; };
		ED297162215061F000B7C4FE /* JavaScriptCore.framework */ = {isa = PBXFileReference; lastKnownFileType = wrapper.framework; name = JavaScriptCore.framework; path = System/Library/Frameworks/JavaScriptCore.framework; sourceTree = SDKROOT; };
		76A9B78665EE453D8B68B4CC /* ClashGrotesk-Variable.ttf */ = {isa = PBXFileReference; name = "ClashGrotesk-Variable.ttf"; path = "../src/assets/fonts/ClashGrotesk-Variable.ttf"; sourceTree = "<group>"; fileEncoding = undefined; lastKnownFileType = unknown; explicitFileType = undefined; includeInIndex = 0; };
		D34EEB431BAD4133A7D4967E /* Supreme-Variable.ttf */ = {isa = PBXFileReference; name = "Supreme-Variable.ttf"; path = "../src/assets/fonts/Supreme-Variable.ttf"; sourceTree = "<group>"; fileEncoding = undefined; lastKnownFileType = unknown; explicitFileType = undefined; includeInIndex = 0; };
		45C0620F271D47019AA6A1FD /* Supreme-VariableItalic.ttf */ = {isa = PBXFileReference; name = "Supreme-VariableItalic.ttf"; path = "../src/assets/fonts/Supreme-VariableItalic.ttf"; sourceTree = "<group>"; fileEncoding = undefined; lastKnownFileType = unknown; explicitFileType = undefined; includeInIndex = 0; };
		A301A812F81641CA8A31839C /* ClashGrotesk-Bold.otf */ = {isa = PBXFileReference; name = "ClashGrotesk-Bold.otf"; path = "../src/assets/fonts/ClashGrotesk-Bold.otf"; sourceTree = "<group>"; fileEncoding = undefined; lastKnownFileType = unknown; explicitFileType = undefined; includeInIndex = 0; };
		D4DB5D39D07548C7A4FF3090 /* ClashGrotesk-Extralight.otf */ = {isa = PBXFileReference; name = "ClashGrotesk-Extralight.otf"; path = "../src/assets/fonts/ClashGrotesk-Extralight.otf"; sourceTree = "<group>"; fileEncoding = undefined; lastKnownFileType = unknown; explicitFileType = undefined; includeInIndex = 0; };
		C16D2FABF6E440E4918E9656 /* ClashGrotesk-Light.otf */ = {isa = PBXFileReference; name = "ClashGrotesk-Light.otf"; path = "../src/assets/fonts/ClashGrotesk-Light.otf"; sourceTree = "<group>"; fileEncoding = undefined; lastKnownFileType = unknown; explicitFileType = undefined; includeInIndex = 0; };
		A688A637C31C42C988BFB113 /* ClashGrotesk-Medium.otf */ = {isa = PBXFileReference; name = "ClashGrotesk-Medium.otf"; path = "../src/assets/fonts/ClashGrotesk-Medium.otf"; sourceTree = "<group>"; fileEncoding = undefined; lastKnownFileType = unknown; explicitFileType = undefined; includeInIndex = 0; };
		64CBD67346104A259944A6C8 /* ClashGrotesk-Regular.otf */ = {isa = PBXFileReference; name = "ClashGrotesk-Regular.otf"; path = "../src/assets/fonts/ClashGrotesk-Regular.otf"; sourceTree = "<group>"; fileEncoding = undefined; lastKnownFileType = unknown; explicitFileType = undefined; includeInIndex = 0; };
		90FA4BFFB6FD4BDE9B1052BB /* ClashGrotesk-Semibold.otf */ = {isa = PBXFileReference; name = "ClashGrotesk-Semibold.otf"; path = "../src/assets/fonts/ClashGrotesk-Semibold.otf"; sourceTree = "<group>"; fileEncoding = undefined; lastKnownFileType = unknown; explicitFileType = undefined; includeInIndex = 0; };
		F90130991D50448DBA2BD805 /* Supreme-Bold.otf */ = {isa = PBXFileReference; name = "Supreme-Bold.otf"; path = "../src/assets/fonts/Supreme-Bold.otf"; sourceTree = "<group>"; fileEncoding = undefined; lastKnownFileType = unknown; explicitFileType = undefined; includeInIndex = 0; };
		5E40135F87814031922104E1 /* Supreme-BoldItalic.otf */ = {isa = PBXFileReference; name = "Supreme-BoldItalic.otf"; path = "../src/assets/fonts/Supreme-BoldItalic.otf"; sourceTree = "<group>"; fileEncoding = undefined; lastKnownFileType = unknown; explicitFileType = undefined; includeInIndex = 0; };
		3A5877D8D1324BCAAF7D28EA /* Supreme-Extrabold.otf */ = {isa = PBXFileReference; name = "Supreme-Extrabold.otf"; path = "../src/assets/fonts/Supreme-Extrabold.otf"; sourceTree = "<group>"; fileEncoding = undefined; lastKnownFileType = unknown; explicitFileType = undefined; includeInIndex = 0; };
		59CE5469171948C39E853806 /* Supreme-ExtraboldItalic.otf */ = {isa = PBXFileReference; name = "Supreme-ExtraboldItalic.otf"; path = "../src/assets/fonts/Supreme-ExtraboldItalic.otf"; sourceTree = "<group>"; fileEncoding = undefined; lastKnownFileType = unknown; explicitFileType = undefined; includeInIndex = 0; };
		F6C00DE6161642A9A6A2E4F2 /* Supreme-Extralight.otf */ = {isa = PBXFileReference; name = "Supreme-Extralight.otf"; path = "../src/assets/fonts/Supreme-Extralight.otf"; sourceTree = "<group>"; fileEncoding = undefined; lastKnownFileType = unknown; explicitFileType = undefined; includeInIndex = 0; };
		A336D76055BD4A0F9ABFDD28 /* Supreme-ExtralightItalic.otf */ = {isa = PBXFileReference; name = "Supreme-ExtralightItalic.otf"; path = "../src/assets/fonts/Supreme-ExtralightItalic.otf"; sourceTree = "<group>"; fileEncoding = undefined; lastKnownFileType = unknown; explicitFileType = undefined; includeInIndex = 0; };
		3677D6A7DCF344EB8F58C5F6 /* Supreme-Italic.otf */ = {isa = PBXFileReference; name = "Supreme-Italic.otf"; path = "../src/assets/fonts/Supreme-Italic.otf"; sourceTree = "<group>"; fileEncoding = undefined; lastKnownFileType = unknown; explicitFileType = undefined; includeInIndex = 0; };
		F9BA301627E0488EA86F3AC3 /* Supreme-Light.otf */ = {isa = PBXFileReference; name = "Supreme-Light.otf"; path = "../src/assets/fonts/Supreme-Light.otf"; sourceTree = "<group>"; fileEncoding = undefined; lastKnownFileType = unknown; explicitFileType = undefined; includeInIndex = 0; };
		DFD60F02C5CA4BCFA5CD9EE1 /* Supreme-LightItalic.otf */ = {isa = PBXFileReference; name = "Supreme-LightItalic.otf"; path = "../src/assets/fonts/Supreme-LightItalic.otf"; sourceTree = "<group>"; fileEncoding = undefined; lastKnownFileType = unknown; explicitFileType = undefined; includeInIndex = 0; };
		A17BB0769C7F4B58970DF39D /* Supreme-Medium.otf */ = {isa = PBXFileReference; name = "Supreme-Medium.otf"; path = "../src/assets/fonts/Supreme-Medium.otf"; sourceTree = "<group>"; fileEncoding = undefined; lastKnownFileType = unknown; explicitFileType = undefined; includeInIndex = 0; };
		FB2DBD978CB74D66BC828124 /* Supreme-MediumItalic.otf */ = {isa = PBXFileReference; name = "Supreme-MediumItalic.otf"; path = "../src/assets/fonts/Supreme-MediumItalic.otf"; sourceTree = "<group>"; fileEncoding = undefined; lastKnownFileType = unknown; explicitFileType = undefined; includeInIndex = 0; };
		B87E4A4F58D84760ABDE2934 /* Supreme-Regular.otf */ = {isa = PBXFileReference; name = "Supreme-Regular.otf"; path = "../src/assets/fonts/Supreme-Regular.otf"; sourceTree = "<group>"; fileEncoding = undefined; lastKnownFileType = unknown; explicitFileType = undefined; includeInIndex = 0; };
		33ED2206C5694609AC32541A /* Supreme-Thin.otf */ = {isa = PBXFileReference; name = "Supreme-Thin.otf"; path = "../src/assets/fonts/Supreme-Thin.otf"; sourceTree = "<group>"; fileEncoding = undefined; lastKnownFileType = unknown; explicitFileType = undefined; includeInIndex = 0; };
		09E27090C52E4AA29FFB65A7 /* Supreme-ThinItalic.otf */ = {isa = PBXFileReference; name = "Supreme-ThinItalic.otf"; path = "../src/assets/fonts/Supreme-ThinItalic.otf"; sourceTree = "<group>"; fileEncoding = undefined; lastKnownFileType = unknown; explicitFileType = undefined; includeInIndex = 0; };
/* End PBXFileReference section */

/* Begin PBXFrameworksBuildPhase section */
		00E356EB1AD99517003FC87E /* Frameworks */ = {
			isa = PBXFrameworksBuildPhase;
			buildActionMask = 2147483647;
			files = (
				7699B88040F8A987B510C191 /* libPods-Timeverse-TimeverseTests.a in Frameworks */,
			);
			runOnlyForDeploymentPostprocessing = 0;
		};
		13B07F8C1A680F5B00A75B9A /* Frameworks */ = {
			isa = PBXFrameworksBuildPhase;
			buildActionMask = 2147483647;
			files = (
				0C80B921A6F3F58F76C31292 /* libPods-Timeverse.a in Frameworks */,
			);
			runOnlyForDeploymentPostprocessing = 0;
		};
/* End PBXFrameworksBuildPhase section */

/* Begin PBXGroup section */
		00E356EF1AD99517003FC87E /* TimeverseTests */ = {
			isa = PBXGroup;
			children = (
				00E356F21AD99517003FC87E /* TimeverseTests.m */,
				00E356F01AD99517003FC87E /* Supporting Files */,
			);
			path = TimeverseTests;
			sourceTree = "<group>";
		};
		00E356F01AD99517003FC87E /* Supporting Files */ = {
			isa = PBXGroup;
			children = (
				00E356F11AD99517003FC87E /* Info.plist */,
			);
			name = "Supporting Files";
			sourceTree = "<group>";
		};
		13B07FAE1A68108700A75B9A /* Timeverse */ = {
			isa = PBXGroup;
			children = (
				13B07FAF1A68108700A75B9A /* AppDelegate.h */,
				13B07FB01A68108700A75B9A /* AppDelegate.mm */,
				13B07FB51A68108700A75B9A /* Images.xcassets */,
				13B07FB61A68108700A75B9A /* Info.plist */,
				81AB9BB72411601600AC10FF /* LaunchScreen.storyboard */,
				13B07FB71A68108700A75B9A /* main.m */,
				13B07FB81A68108700A75B9A /* PrivacyInfo.xcprivacy */,
			);
			name = Timeverse;
			sourceTree = "<group>";
		};
		2D16E6871FA4F8E400B85C8A /* Frameworks */ = {
			isa = PBXGroup;
			children = (
				ED297162215061F000B7C4FE /* JavaScriptCore.framework */,
				5DCACB8F33CDC322A6C60F78 /* libPods-Timeverse.a */,
				19F6CBCC0A4E27FBF8BF4A61 /* libPods-Timeverse-TimeverseTests.a */,
			);
			name = Frameworks;
			sourceTree = "<group>";
		};
		832341AE1AAA6A7D00B99B32 /* Libraries */ = {
			isa = PBXGroup;
			children = (
			);
			name = Libraries;
			sourceTree = "<group>";
		};
		83CBB9F61A601CBA00E9B192 = {
			isa = PBXGroup;
			children = (
				13B07FAE1A68108700A75B9A /* Timeverse */,
				832341AE1AAA6A7D00B99B32 /* Libraries */,
				00E356EF1AD99517003FC87E /* TimeverseTests */,
				83CBBA001A601CBA00E9B192 /* Products */,
				2D16E6871FA4F8E400B85C8A /* Frameworks */,
				BBD78D7AC51CEA395F1C20DB /* Pods */,
				30911524DFDC4B08BC5A446A /* Resources */,
			);
			indentWidth = 2;
			sourceTree = "<group>";
			tabWidth = 2;
			usesTabs = 0;
		};
		83CBBA001A601CBA00E9B192 /* Products */ = {
			isa = PBXGroup;
			children = (
				13B07F961A680F5B00A75B9A /* Timeverse.app */,
				00E356EE1AD99517003FC87E /* TimeverseTests.xctest */,
			);
			name = Products;
			sourceTree = "<group>";
		};
		BBD78D7AC51CEA395F1C20DB /* Pods */ = {
			isa = PBXGroup;
			children = (
				3B4392A12AC88292D35C810B /* Pods-Timeverse.debug.xcconfig */,
				5709B34CF0A7D63546082F79 /* Pods-Timeverse.release.xcconfig */,
				5B7EB9410499542E8C5724F5 /* Pods-Timeverse-TimeverseTests.debug.xcconfig */,
				89C6BE57DB24E9ADA2F236DE /* Pods-Timeverse-TimeverseTests.release.xcconfig */,
			);
			path = Pods;
			sourceTree = "<group>";
		};
		30911524DFDC4B08BC5A446A /* Resources */ = {
			isa = "PBXGroup";
			children = (
				76A9B78665EE453D8B68B4CC /* ClashGrotesk-Variable.ttf */,
				D34EEB431BAD4133A7D4967E /* Supreme-Variable.ttf */,
				45C0620F271D47019AA6A1FD /* Supreme-VariableItalic.ttf */,
				A301A812F81641CA8A31839C /* ClashGrotesk-Bold.otf */,
				D4DB5D39D07548C7A4FF3090 /* ClashGrotesk-Extralight.otf */,
				C16D2FABF6E440E4918E9656 /* ClashGrotesk-Light.otf */,
				A688A637C31C42C988BFB113 /* ClashGrotesk-Medium.otf */,
				64CBD67346104A259944A6C8 /* ClashGrotesk-Regular.otf */,
				90FA4BFFB6FD4BDE9B1052BB /* ClashGrotesk-Semibold.otf */,
				F90130991D50448DBA2BD805 /* Supreme-Bold.otf */,
				5E40135F87814031922104E1 /* Supreme-BoldItalic.otf */,
				3A5877D8D1324BCAAF7D28EA /* Supreme-Extrabold.otf */,
				59CE5469171948C39E853806 /* Supreme-ExtraboldItalic.otf */,
				F6C00DE6161642A9A6A2E4F2 /* Supreme-Extralight.otf */,
				A336D76055BD4A0F9ABFDD28 /* Supreme-ExtralightItalic.otf */,
				3677D6A7DCF344EB8F58C5F6 /* Supreme-Italic.otf */,
				F9BA301627E0488EA86F3AC3 /* Supreme-Light.otf */,
				DFD60F02C5CA4BCFA5CD9EE1 /* Supreme-LightItalic.otf */,
				A17BB0769C7F4B58970DF39D /* Supreme-Medium.otf */,
				FB2DBD978CB74D66BC828124 /* Supreme-MediumItalic.otf */,
				B87E4A4F58D84760ABDE2934 /* Supreme-Regular.otf */,
				33ED2206C5694609AC32541A /* Supreme-Thin.otf */,
				09E27090C52E4AA29FFB65A7 /* Supreme-ThinItalic.otf */,
			);
			name = Resources;
			sourceTree = "<group>";
			path = "";
		};
/* End PBXGroup section */

/* Begin PBXNativeTarget section */
		00E356ED1AD99517003FC87E /* TimeverseTests */ = {
			isa = PBXNativeTarget;
			buildConfigurationList = 00E357021AD99517003FC87E /* Build configuration list for PBXNativeTarget "TimeverseTests" */;
			buildPhases = (
				A55EABD7B0C7F3A422A6CC61 /* [CP] Check Pods Manifest.lock */,
				00E356EA1AD99517003FC87E /* Sources */,
				00E356EB1AD99517003FC87E /* Frameworks */,
				00E356EC1AD99517003FC87E /* Resources */,
				C59DA0FBD6956966B86A3779 /* [CP] Embed Pods Frameworks */,
				F6A41C54EA430FDDC6A6ED99 /* [CP] Copy Pods Resources */,
			);
			buildRules = (
			);
			dependencies = (
				00E356F51AD99517003FC87E /* PBXTargetDependency */,
			);
			name = TimeverseTests;
			productName = TimeverseTests;
			productReference = 00E356EE1AD99517003FC87E /* TimeverseTests.xctest */;
			productType = "com.apple.product-type.bundle.unit-test";
		};
		13B07F861A680F5B00A75B9A /* Timeverse */ = {
			isa = PBXNativeTarget;
			buildConfigurationList = 13B07F931A680F5B00A75B9A /* Build configuration list for PBXNativeTarget "Timeverse" */;
			buildPhases = (
				C38B50BA6285516D6DCD4F65 /* [CP] Check Pods Manifest.lock */,
				13B07F871A680F5B00A75B9A /* Sources */,
				13B07F8C1A680F5B00A75B9A /* Frameworks */,
				13B07F8E1A680F5B00A75B9A /* Resources */,
				00DD1BFF1BD5951E006B06BC /* Bundle React Native code and images */,
				00EEFC60759A1932668264C0 /* [CP] Embed Pods Frameworks */,
				E235C05ADACE081382539298 /* [CP] Copy Pods Resources */,
			);
			buildRules = (
			);
			dependencies = (
			);
			name = Timeverse;
			productName = Timeverse;
			productReference = 13B07F961A680F5B00A75B9A /* Timeverse.app */;
			productType = "com.apple.product-type.application";
		};
/* End PBXNativeTarget section */

/* Begin PBXProject section */
		83CBB9F71A601CBA00E9B192 /* Project object */ = {
			isa = PBXProject;
			attributes = {
				LastUpgradeCheck = 1210;
				TargetAttributes = {
					00E356ED1AD99517003FC87E = {
						CreatedOnToolsVersion = 6.2;
						TestTargetID = 13B07F861A680F5B00A75B9A;
					};
					13B07F861A680F5B00A75B9A = {
						LastSwiftMigration = 1120;
					};
				};
			};
			buildConfigurationList = 83CBB9FA1A601CBA00E9B192 /* Build configuration list for PBXProject "Timeverse" */;
			compatibilityVersion = "Xcode 12.0";
			developmentRegion = en;
			hasScannedForEncodings = 0;
			knownRegions = (
				en,
				Base,
			);
			mainGroup = 83CBB9F61A601CBA00E9B192;
			productRefGroup = 83CBBA001A601CBA00E9B192 /* Products */;
			projectDirPath = "";
			projectRoot = "";
			targets = (
				13B07F861A680F5B00A75B9A /* Timeverse */,
				00E356ED1AD99517003FC87E /* TimeverseTests */,
			);
		};
/* End PBXProject section */

/* Begin PBXResourcesBuildPhase section */
		00E356EC1AD99517003FC87E /* Resources */ = {
			isa = PBXResourcesBuildPhase;
			buildActionMask = 2147483647;
			files = (
			);
			runOnlyForDeploymentPostprocessing = 0;
		};
		13B07F8E1A680F5B00A75B9A /* Resources */ = {
			isa = PBXResourcesBuildPhase;
			buildActionMask = 2147483647;
			files = (
				81AB9BB82411601600AC10FF /* LaunchScreen.storyboard in Resources */,
				13B07FBF1A68108700A75B9A /* Images.xcassets in Resources */,
				23D79D3B498D4C708CB5E41F /* ClashGrotesk-Variable.ttf in Resources */,
				3B9D65553B294D97970898AA /* Supreme-Variable.ttf in Resources */,
				01F3FB0099E94414B42BE931 /* Supreme-VariableItalic.ttf in Resources */,
				C5EBD20C4FEA4CCBB830D95A /* ClashGrotesk-Bold.otf in Resources */,
				E7A76FF63A6547CEB652ACF4 /* ClashGrotesk-Extralight.otf in Resources */,
				FD6874A28196493BA6260400 /* ClashGrotesk-Light.otf in Resources */,
				191264EA5BA1494581354E76 /* ClashGrotesk-Medium.otf in Resources */,
				6EC6E517E75643A29656FE12 /* ClashGrotesk-Regular.otf in Resources */,
				67AF5EB7B5744FF6B7CC0785 /* ClashGrotesk-Semibold.otf in Resources */,
				2B54BACB643A421C842DDC42 /* Supreme-Bold.otf in Resources */,
				F7100CAE63B745879C47FF3D /* Supreme-BoldItalic.otf in Resources */,
				3C1F97BBCCD242A495D74512 /* Supreme-Extrabold.otf in Resources */,
				3871EEB6ECAB47859A4E29B0 /* Supreme-ExtraboldItalic.otf in Resources */,
				8E53DEE2753C44FA982DDCD9 /* Supreme-Extralight.otf in Resources */,
				D52485B85C7044F2A9131AA5 /* Supreme-ExtralightItalic.otf in Resources */,
				97E45EAB90F44B60867BD408 /* Supreme-Italic.otf in Resources */,
				8BA404EF0FBA4473BE5A7AED /* Supreme-Light.otf in Resources */,
				422B1F2BE9E446FA99AD542C /* Supreme-LightItalic.otf in Resources */,
				0DE75392FF974D08A3170992 /* Supreme-Medium.otf in Resources */,
				F545CB70922D416985D2102B /* Supreme-MediumItalic.otf in Resources */,
				B53CF9E158B345BDA2AEEF89 /* Supreme-Regular.otf in Resources */,
				EC168A8B2C2C41F586BE3BF4 /* Supreme-Thin.otf in Resources */,
				6E8FE67E98094CB0BFFBFD95 /* Supreme-ThinItalic.otf in Resources */,
			);
			runOnlyForDeploymentPostprocessing = 0;
		};
/* End PBXResourcesBuildPhase section */

/* Begin PBXShellScriptBuildPhase section */
		00DD1BFF1BD5951E006B06BC /* Bundle React Native code and images */ = {
			isa = PBXShellScriptBuildPhase;
			buildActionMask = 2147483647;
			files = (
			);
			inputPaths = (
				"$(SRCROOT)/.xcode.env.local",
				"$(SRCROOT)/.xcode.env",
			);
			name = "Bundle React Native code and images";
			outputPaths = (
			);
			runOnlyForDeploymentPostprocessing = 0;
			shellPath = /bin/sh;
			shellScript = "set -e\n\nWITH_ENVIRONMENT=\"$REACT_NATIVE_PATH/scripts/xcode/with-environment.sh\"\nREACT_NATIVE_XCODE=\"$REACT_NATIVE_PATH/scripts/react-native-xcode.sh\"\n\n/bin/sh -c \"$WITH_ENVIRONMENT $REACT_NATIVE_XCODE\"\n";
		};
		00EEFC60759A1932668264C0 /* [CP] Embed Pods Frameworks */ = {
			isa = PBXShellScriptBuildPhase;
			buildActionMask = 2147483647;
			files = (
			);
			inputFileListPaths = (
				"${PODS_ROOT}/Target Support Files/Pods-Timeverse/Pods-Timeverse-frameworks-${CONFIGURATION}-input-files.xcfilelist",
			);
			name = "[CP] Embed Pods Frameworks";
			outputFileListPaths = (
				"${PODS_ROOT}/Target Support Files/Pods-Timeverse/Pods-Timeverse-frameworks-${CONFIGURATION}-output-files.xcfilelist",
			);
			runOnlyForDeploymentPostprocessing = 0;
			shellPath = /bin/sh;
			shellScript = "\"${PODS_ROOT}/Target Support Files/Pods-Timeverse/Pods-Timeverse-frameworks.sh\"\n";
			showEnvVarsInLog = 0;
		};
		A55EABD7B0C7F3A422A6CC61 /* [CP] Check Pods Manifest.lock */ = {
			isa = PBXShellScriptBuildPhase;
			buildActionMask = 2147483647;
			files = (
			);
			inputFileListPaths = (
			);
			inputPaths = (
				"${PODS_PODFILE_DIR_PATH}/Podfile.lock",
				"${PODS_ROOT}/Manifest.lock",
			);
			name = "[CP] Check Pods Manifest.lock";
			outputFileListPaths = (
			);
			outputPaths = (
				"$(DERIVED_FILE_DIR)/Pods-Timeverse-TimeverseTests-checkManifestLockResult.txt",
			);
			runOnlyForDeploymentPostprocessing = 0;
			shellPath = /bin/sh;
			shellScript = "diff \"${PODS_PODFILE_DIR_PATH}/Podfile.lock\" \"${PODS_ROOT}/Manifest.lock\" > /dev/null\nif [ $? != 0 ] ; then\n    # print error to STDERR\n    echo \"error: The sandbox is not in sync with the Podfile.lock. Run 'pod install' or update your CocoaPods installation.\" >&2\n    exit 1\nfi\n# This output is used by Xcode 'outputs' to avoid re-running this script phase.\necho \"SUCCESS\" > \"${SCRIPT_OUTPUT_FILE_0}\"\n";
			showEnvVarsInLog = 0;
		};
		C38B50BA6285516D6DCD4F65 /* [CP] Check Pods Manifest.lock */ = {
			isa = PBXShellScriptBuildPhase;
			buildActionMask = 2147483647;
			files = (
			);
			inputFileListPaths = (
			);
			inputPaths = (
				"${PODS_PODFILE_DIR_PATH}/Podfile.lock",
				"${PODS_ROOT}/Manifest.lock",
			);
			name = "[CP] Check Pods Manifest.lock";
			outputFileListPaths = (
			);
			outputPaths = (
				"$(DERIVED_FILE_DIR)/Pods-Timeverse-checkManifestLockResult.txt",
			);
			runOnlyForDeploymentPostprocessing = 0;
			shellPath = /bin/sh;
			shellScript = "diff \"${PODS_PODFILE_DIR_PATH}/Podfile.lock\" \"${PODS_ROOT}/Manifest.lock\" > /dev/null\nif [ $? != 0 ] ; then\n    # print error to STDERR\n    echo \"error: The sandbox is not in sync with the Podfile.lock. Run 'pod install' or update your CocoaPods installation.\" >&2\n    exit 1\nfi\n# This output is used by Xcode 'outputs' to avoid re-running this script phase.\necho \"SUCCESS\" > \"${SCRIPT_OUTPUT_FILE_0}\"\n";
			showEnvVarsInLog = 0;
		};
		C59DA0FBD6956966B86A3779 /* [CP] Embed Pods Frameworks */ = {
			isa = PBXShellScriptBuildPhase;
			buildActionMask = 2147483647;
			files = (
			);
			inputFileListPaths = (
				"${PODS_ROOT}/Target Support Files/Pods-Timeverse-TimeverseTests/Pods-Timeverse-TimeverseTests-frameworks-${CONFIGURATION}-input-files.xcfilelist",
			);
			name = "[CP] Embed Pods Frameworks";
			outputFileListPaths = (
				"${PODS_ROOT}/Target Support Files/Pods-Timeverse-TimeverseTests/Pods-Timeverse-TimeverseTests-frameworks-${CONFIGURATION}-output-files.xcfilelist",
			);
			runOnlyForDeploymentPostprocessing = 0;
			shellPath = /bin/sh;
			shellScript = "\"${PODS_ROOT}/Target Support Files/Pods-Timeverse-TimeverseTests/Pods-Timeverse-TimeverseTests-frameworks.sh\"\n";
			showEnvVarsInLog = 0;
		};
		E235C05ADACE081382539298 /* [CP] Copy Pods Resources */ = {
			isa = PBXShellScriptBuildPhase;
			buildActionMask = 2147483647;
			files = (
			);
			inputFileListPaths = (
				"${PODS_ROOT}/Target Support Files/Pods-Timeverse/Pods-Timeverse-resources-${CONFIGURATION}-input-files.xcfilelist",
			);
			name = "[CP] Copy Pods Resources";
			outputFileListPaths = (
				"${PODS_ROOT}/Target Support Files/Pods-Timeverse/Pods-Timeverse-resources-${CONFIGURATION}-output-files.xcfilelist",
			);
			runOnlyForDeploymentPostprocessing = 0;
			shellPath = /bin/sh;
			shellScript = "\"${PODS_ROOT}/Target Support Files/Pods-Timeverse/Pods-Timeverse-resources.sh\"\n";
			showEnvVarsInLog = 0;
		};
		F6A41C54EA430FDDC6A6ED99 /* [CP] Copy Pods Resources */ = {
			isa = PBXShellScriptBuildPhase;
			buildActionMask = 2147483647;
			files = (
			);
			inputFileListPaths = (
				"${PODS_ROOT}/Target Support Files/Pods-Timeverse-TimeverseTests/Pods-Timeverse-TimeverseTests-resources-${CONFIGURATION}-input-files.xcfilelist",
			);
			name = "[CP] Copy Pods Resources";
			outputFileListPaths = (
				"${PODS_ROOT}/Target Support Files/Pods-Timeverse-TimeverseTests/Pods-Timeverse-TimeverseTests-resources-${CONFIGURATION}-output-files.xcfilelist",
			);
			runOnlyForDeploymentPostprocessing = 0;
			shellPath = /bin/sh;
			shellScript = "\"${PODS_ROOT}/Target Support Files/Pods-Timeverse-TimeverseTests/Pods-Timeverse-TimeverseTests-resources.sh\"\n";
			showEnvVarsInLog = 0;
		};
/* End PBXShellScriptBuildPhase section */

/* Begin PBXSourcesBuildPhase section */
		00E356EA1AD99517003FC87E /* Sources */ = {
			isa = PBXSourcesBuildPhase;
			buildActionMask = 2147483647;
			files = (
				00E356F31AD99517003FC87E /* TimeverseTests.m in Sources */,
			);
			runOnlyForDeploymentPostprocessing = 0;
		};
		13B07F871A680F5B00A75B9A /* Sources */ = {
			isa = PBXSourcesBuildPhase;
			buildActionMask = 2147483647;
			files = (
				13B07FBC1A68108700A75B9A /* AppDelegate.mm in Sources */,
				13B07FC11A68108700A75B9A /* main.m in Sources */,
			);
			runOnlyForDeploymentPostprocessing = 0;
		};
/* End PBXSourcesBuildPhase section */

/* Begin PBXTargetDependency section */
		00E356F51AD99517003FC87E /* PBXTargetDependency */ = {
			isa = PBXTargetDependency;
			target = 13B07F861A680F5B00A75B9A /* Timeverse */;
			targetProxy = 00E356F41AD99517003FC87E /* PBXContainerItemProxy */;
		};
/* End PBXTargetDependency section */

/* Begin XCBuildConfiguration section */
		00E356F61AD99517003FC87E /* Debug */ = {
			isa = XCBuildConfiguration;
			baseConfigurationReference = 5B7EB9410499542E8C5724F5 /* Pods-Timeverse-TimeverseTests.debug.xcconfig */;
			buildSettings = {
				BUNDLE_LOADER = "$(TEST_HOST)";
				GCC_PREPROCESSOR_DEFINITIONS = (
					"DEBUG=1",
					"$(inherited)",
				);
				INFOPLIST_FILE = TimeverseTests/Info.plist;
				IPHONEOS_DEPLOYMENT_TARGET = 13.4;
				LD_RUNPATH_SEARCH_PATHS = (
					"$(inherited)",
					"@executable_path/Frameworks",
					"@loader_path/Frameworks",
				);
				OTHER_LDFLAGS = (
					"-ObjC",
					"-lc++",
					"$(inherited)",
				);
				PRODUCT_BUNDLE_IDENTIFIER = "org.reactjs.native.example.$(PRODUCT_NAME:rfc1034identifier)";
				PRODUCT_NAME = "$(TARGET_NAME)";
				TEST_HOST = "$(BUILT_PRODUCTS_DIR)/Timeverse.app/Timeverse";
			};
			name = Debug;
		};
		00E356F71AD99517003FC87E /* Release */ = {
			isa = XCBuildConfiguration;
			baseConfigurationReference = 89C6BE57DB24E9ADA2F236DE /* Pods-Timeverse-TimeverseTests.release.xcconfig */;
			buildSettings = {
				BUNDLE_LOADER = "$(TEST_HOST)";
				COPY_PHASE_STRIP = NO;
				INFOPLIST_FILE = TimeverseTests/Info.plist;
				IPHONEOS_DEPLOYMENT_TARGET = 13.4;
				LD_RUNPATH_SEARCH_PATHS = (
					"$(inherited)",
					"@executable_path/Frameworks",
					"@loader_path/Frameworks",
				);
				OTHER_LDFLAGS = (
					"-ObjC",
					"-lc++",
					"$(inherited)",
				);
				PRODUCT_BUNDLE_IDENTIFIER = "org.reactjs.native.example.$(PRODUCT_NAME:rfc1034identifier)";
				PRODUCT_NAME = "$(TARGET_NAME)";
				TEST_HOST = "$(BUILT_PRODUCTS_DIR)/Timeverse.app/Timeverse";
			};
			name = Release;
		};
		13B07F941A680F5B00A75B9A /* Debug */ = {
			isa = XCBuildConfiguration;
			baseConfigurationReference = 3B4392A12AC88292D35C810B /* Pods-Timeverse.debug.xcconfig */;
			buildSettings = {
				ASSETCATALOG_COMPILER_APPICON_NAME = AppIcon;
				CLANG_ENABLE_MODULES = YES;
				CURRENT_PROJECT_VERSION = 1;
				ENABLE_BITCODE = NO;
				INFOPLIST_FILE = Timeverse/Info.plist;
				LD_RUNPATH_SEARCH_PATHS = (
					"$(inherited)",
					"@executable_path/Frameworks",
				);
				MARKETING_VERSION = 1.0;
				OTHER_LDFLAGS = (
					"$(inherited)",
					"-ObjC",
					"-lc++",
				);
				PRODUCT_BUNDLE_IDENTIFIER = "org.reactjs.native.example.$(PRODUCT_NAME:rfc1034identifier)";
				PRODUCT_NAME = Timeverse;
				SWIFT_OPTIMIZATION_LEVEL = "-Onone";
				SWIFT_VERSION = 5.0;
				VERSIONING_SYSTEM = "apple-generic";
			};
			name = Debug;
		};
		13B07F951A680F5B00A75B9A /* Release */ = {
			isa = XCBuildConfiguration;
			baseConfigurationReference = 5709B34CF0A7D63546082F79 /* Pods-Timeverse.release.xcconfig */;
			buildSettings = {
				ASSETCATALOG_COMPILER_APPICON_NAME = AppIcon;
				CLANG_ENABLE_MODULES = YES;
				CURRENT_PROJECT_VERSION = 1;
				INFOPLIST_FILE = Timeverse/Info.plist;
				LD_RUNPATH_SEARCH_PATHS = (
					"$(inherited)",
					"@executable_path/Frameworks",
				);
				MARKETING_VERSION = 1.0;
				OTHER_LDFLAGS = (
					"$(inherited)",
					"-ObjC",
					"-lc++",
				);
				PRODUCT_BUNDLE_IDENTIFIER = "org.reactjs.native.example.$(PRODUCT_NAME:rfc1034identifier)";
				PRODUCT_NAME = Timeverse;
				SWIFT_VERSION = 5.0;
				VERSIONING_SYSTEM = "apple-generic";
			};
			name = Release;
		};
		83CBBA201A601CBA00E9B192 /* Debug */ = {
			isa = XCBuildConfiguration;
			buildSettings = {
				ALWAYS_SEARCH_USER_PATHS = NO;
				CLANG_ANALYZER_LOCALIZABILITY_NONLOCALIZED = YES;
				CLANG_CXX_LANGUAGE_STANDARD = "c++20";
				CLANG_CXX_LIBRARY = "libc++";
				CLANG_ENABLE_MODULES = YES;
				CLANG_ENABLE_OBJC_ARC = YES;
				CLANG_WARN_BLOCK_CAPTURE_AUTORELEASING = YES;
				CLANG_WARN_BOOL_CONVERSION = YES;
				CLANG_WARN_COMMA = YES;
				CLANG_WARN_CONSTANT_CONVERSION = YES;
				CLANG_WARN_DEPRECATED_OBJC_IMPLEMENTATIONS = YES;
				CLANG_WARN_DIRECT_OBJC_ISA_USAGE = YES_ERROR;
				CLANG_WARN_EMPTY_BODY = YES;
				CLANG_WARN_ENUM_CONVERSION = YES;
				CLANG_WARN_INFINITE_RECURSION = YES;
				CLANG_WARN_INT_CONVERSION = YES;
				CLANG_WARN_NON_LITERAL_NULL_CONVERSION = YES;
				CLANG_WARN_OBJC_IMPLICIT_RETAIN_SELF = YES;
				CLANG_WARN_OBJC_LITERAL_CONVERSION = YES;
				CLANG_WARN_OBJC_ROOT_CLASS = YES_ERROR;
				CLANG_WARN_QUOTED_INCLUDE_IN_FRAMEWORK_HEADER = YES;
				CLANG_WARN_RANGE_LOOP_ANALYSIS = YES;
				CLANG_WARN_STRICT_PROTOTYPES = YES;
				CLANG_WARN_SUSPICIOUS_MOVE = YES;
				CLANG_WARN_UNREACHABLE_CODE = YES;
				CLANG_WARN__DUPLICATE_METHOD_MATCH = YES;
				"CODE_SIGN_IDENTITY[sdk=iphoneos*]" = "iPhone Developer";
				COPY_PHASE_STRIP = NO;
				ENABLE_STRICT_OBJC_MSGSEND = YES;
				ENABLE_TESTABILITY = YES;
				"EXCLUDED_ARCHS[sdk=iphonesimulator*]" = "";
				GCC_C_LANGUAGE_STANDARD = gnu99;
				GCC_DYNAMIC_NO_PIC = NO;
				GCC_NO_COMMON_BLOCKS = YES;
				GCC_OPTIMIZATION_LEVEL = 0;
				GCC_PREPROCESSOR_DEFINITIONS = (
					"DEBUG=1",
					"$(inherited)",
				);
				GCC_SYMBOLS_PRIVATE_EXTERN = NO;
				GCC_WARN_64_TO_32_BIT_CONVERSION = YES;
				GCC_WARN_ABOUT_RETURN_TYPE = YES_ERROR;
				GCC_WARN_UNDECLARED_SELECTOR = YES;
				GCC_WARN_UNINITIALIZED_AUTOS = YES_AGGRESSIVE;
				GCC_WARN_UNUSED_FUNCTION = YES;
				GCC_WARN_UNUSED_VARIABLE = YES;
				IPHONEOS_DEPLOYMENT_TARGET = 13.4;
				LD_RUNPATH_SEARCH_PATHS = (
					/usr/lib/swift,
					"$(inherited)",
				);
				LIBRARY_SEARCH_PATHS = (
					"\"$(SDKROOT)/usr/lib/swift\"",
					"\"$(TOOLCHAIN_DIR)/usr/lib/swift/$(PLATFORM_NAME)\"",
					"\"$(inherited)\"",
				);
				MTL_ENABLE_DEBUG_INFO = YES;
				ONLY_ACTIVE_ARCH = YES;
				OTHER_CPLUSPLUSFLAGS = (
					"$(OTHER_CFLAGS)",
					"-DFOLLY_NO_CONFIG",
					"-DFOLLY_MOBILE=1",
					"-DFOLLY_USE_LIBCPP=1",
					"-DFOLLY_CFG_NO_COROUTINES=1",
					"-DFOLLY_HAVE_CLOCK_GETTIME=1",
				);
				SDKROOT = iphoneos;
			};
			name = Debug;
		};
		83CBBA211A601CBA00E9B192 /* Release */ = {
			isa = XCBuildConfiguration;
			buildSettings = {
				ALWAYS_SEARCH_USER_PATHS = NO;
				CLANG_ANALYZER_LOCALIZABILITY_NONLOCALIZED = YES;
				CLANG_CXX_LANGUAGE_STANDARD = "c++20";
				CLANG_CXX_LIBRARY = "libc++";
				CLANG_ENABLE_MODULES = YES;
				CLANG_ENABLE_OBJC_ARC = YES;
				CLANG_WARN_BLOCK_CAPTURE_AUTORELEASING = YES;
				CLANG_WARN_BOOL_CONVERSION = YES;
				CLANG_WARN_COMMA = YES;
				CLANG_WARN_CONSTANT_CONVERSION = YES;
				CLANG_WARN_DEPRECATED_OBJC_IMPLEMENTATIONS = YES;
				CLANG_WARN_DIRECT_OBJC_ISA_USAGE = YES_ERROR;
				CLANG_WARN_EMPTY_BODY = YES;
				CLANG_WARN_ENUM_CONVERSION = YES;
				CLANG_WARN_INFINITE_RECURSION = YES;
				CLANG_WARN_INT_CONVERSION = YES;
				CLANG_WARN_NON_LITERAL_NULL_CONVERSION = YES;
				CLANG_WARN_OBJC_IMPLICIT_RETAIN_SELF = YES;
				CLANG_WARN_OBJC_LITERAL_CONVERSION = YES;
				CLANG_WARN_OBJC_ROOT_CLASS = YES_ERROR;
				CLANG_WARN_QUOTED_INCLUDE_IN_FRAMEWORK_HEADER = YES;
				CLANG_WARN_RANGE_LOOP_ANALYSIS = YES;
				CLANG_WARN_STRICT_PROTOTYPES = YES;
				CLANG_WARN_SUSPICIOUS_MOVE = YES;
				CLANG_WARN_UNREACHABLE_CODE = YES;
				CLANG_WARN__DUPLICATE_METHOD_MATCH = YES;
				"CODE_SIGN_IDENTITY[sdk=iphoneos*]" = "iPhone Developer";
				COPY_PHASE_STRIP = YES;
				ENABLE_NS_ASSERTIONS = NO;
				ENABLE_STRICT_OBJC_MSGSEND = YES;
				"EXCLUDED_ARCHS[sdk=iphonesimulator*]" = "";
				GCC_C_LANGUAGE_STANDARD = gnu99;
				GCC_NO_COMMON_BLOCKS = YES;
				GCC_WARN_64_TO_32_BIT_CONVERSION = YES;
				GCC_WARN_ABOUT_RETURN_TYPE = YES_ERROR;
				GCC_WARN_UNDECLARED_SELECTOR = YES;
				GCC_WARN_UNINITIALIZED_AUTOS = YES_AGGRESSIVE;
				GCC_WARN_UNUSED_FUNCTION = YES;
				GCC_WARN_UNUSED_VARIABLE = YES;
				IPHONEOS_DEPLOYMENT_TARGET = 13.4;
				LD_RUNPATH_SEARCH_PATHS = (
					/usr/lib/swift,
					"$(inherited)",
				);
				LIBRARY_SEARCH_PATHS = (
					"\"$(SDKROOT)/usr/lib/swift\"",
					"\"$(TOOLCHAIN_DIR)/usr/lib/swift/$(PLATFORM_NAME)\"",
					"\"$(inherited)\"",
				);
				MTL_ENABLE_DEBUG_INFO = NO;
				OTHER_CPLUSPLUSFLAGS = (
					"$(OTHER_CFLAGS)",
					"-DFOLLY_NO_CONFIG",
					"-DFOLLY_MOBILE=1",
					"-DFOLLY_USE_LIBCPP=1",
					"-DFOLLY_CFG_NO_COROUTINES=1",
					"-DFOLLY_HAVE_CLOCK_GETTIME=1",
				);
				SDKROOT = iphoneos;
				VALIDATE_PRODUCT = YES;
			};
			name = Release;
		};
/* End XCBuildConfiguration section */

/* Begin XCConfigurationList section */
		00E357021AD99517003FC87E /* Build configuration list for PBXNativeTarget "TimeverseTests" */ = {
			isa = XCConfigurationList;
			buildConfigurations = (
				00E356F61AD99517003FC87E /* Debug */,
				00E356F71AD99517003FC87E /* Release */,
			);
			defaultConfigurationIsVisible = 0;
			defaultConfigurationName = Release;
		};
		13B07F931A680F5B00A75B9A /* Build configuration list for PBXNativeTarget "Timeverse" */ = {
			isa = XCConfigurationList;
			buildConfigurations = (
				13B07F941A680F5B00A75B9A /* Debug */,
				13B07F951A680F5B00A75B9A /* Release */,
			);
			defaultConfigurationIsVisible = 0;
			defaultConfigurationName = Release;
		};
		83CBB9FA1A601CBA00E9B192 /* Build configuration list for PBXProject "Timeverse" */ = {
			isa = XCConfigurationList;
			buildConfigurations = (
				83CBBA201A601CBA00E9B192 /* Debug */,
				83CBBA211A601CBA00E9B192 /* Release */,
			);
			defaultConfigurationIsVisible = 0;
			defaultConfigurationName = Release;
		};
/* End XCConfigurationList section */
	};
	rootObject = 83CBB9F71A601CBA00E9B192 /* Project object */;
}
